// !$*UTF8*$!
{
	archiveVersion = 1;
	classes = {
	};
	objectVersion = 46;
	objects = {

/* Begin PBXBuildFile section */
		335B63AE4E135BB460098D4E /* Pods_Aerial_Halfpipe.framework in Frameworks */ = {isa = PBXBuildFile; fileRef = A6C9B218C63F9150AE523B3B /* Pods_Aerial_Halfpipe.framework */; };
		3805B8F0090D567818C29FDD /* Pods_Aerial_AerialiOS.framework in Frameworks */ = {isa = PBXBuildFile; fileRef = D3646A06AE6BFABDCB90A8D9 /* Pods_Aerial_AerialiOS.framework */; };
		8D14DB651E6E25CD0076D8DB /* CorkDestination.swift in Sources */ = {isa = PBXBuildFile; fileRef = 8D14DB631E6E25CD0076D8DB /* CorkDestination.swift */; };
		8D14DB721E6E25E40076D8DB /* AppDelegate.swift in Sources */ = {isa = PBXBuildFile; fileRef = 8D14DB681E6E25E40076D8DB /* AppDelegate.swift */; };
		8D14DB731E6E25E40076D8DB /* Assets.xcassets in Resources */ = {isa = PBXBuildFile; fileRef = 8D14DB691E6E25E40076D8DB /* Assets.xcassets */; };
		8D14DB741E6E25E40076D8DB /* LaunchScreen.storyboard in Resources */ = {isa = PBXBuildFile; fileRef = 8D14DB6A1E6E25E40076D8DB /* LaunchScreen.storyboard */; };
		8D14DB751E6E25E40076D8DB /* Main.storyboard in Resources */ = {isa = PBXBuildFile; fileRef = 8D14DB6C1E6E25E40076D8DB /* Main.storyboard */; };
		8D14DB771E6E25E40076D8DB /* Info.plist in Resources */ = {isa = PBXBuildFile; fileRef = 8D14DB6F1E6E25E40076D8DB /* Info.plist */; };
		8D14DB781E6E25E40076D8DB /* ViewController.swift in Sources */ = {isa = PBXBuildFile; fileRef = 8D14DB711E6E25E40076D8DB /* ViewController.swift */; };
		8D27EEDA1E8819D9002EA637 /* Logger.swift in Sources */ = {isa = PBXBuildFile; fileRef = 8D27EED91E8819D9002EA637 /* Logger.swift */; };
		8D27EEDB1E881AE0002EA637 /* Logger.swift in Sources */ = {isa = PBXBuildFile; fileRef = 8D27EED91E8819D9002EA637 /* Logger.swift */; };
		8D30D9571E015007009C1049 /* Dictionary+KVO.swift in Sources */ = {isa = PBXBuildFile; fileRef = 8D30D9561E015007009C1049 /* Dictionary+KVO.swift */; };
		8D30D9581E015673009C1049 /* Dictionary+KVO.swift in Sources */ = {isa = PBXBuildFile; fileRef = 8D30D9561E015007009C1049 /* Dictionary+KVO.swift */; };
		8D30D95A1E0159E7009C1049 /* Container.swift in Sources */ = {isa = PBXBuildFile; fileRef = 8D30D9591E0159E7009C1049 /* Container.swift */; };
		8D44471C1E0D3C6600495865 /* LogsPrefController.swift in Sources */ = {isa = PBXBuildFile; fileRef = 8D44471A1E0D3ADA00495865 /* LogsPrefController.swift */; };
		8D44471F1E0D3EF800495865 /* Preferences.storyboard in Resources */ = {isa = PBXBuildFile; fileRef = 8D44471D1E0D3E3B00495865 /* Preferences.storyboard */; };
		8D4447261E11146A00495865 /* NSObject+Notifications.m in Sources */ = {isa = PBXBuildFile; fileRef = 8D4447251E11146A00495865 /* NSObject+Notifications.m */; };
		8D4447271E11146A00495865 /* NSObject+Notifications.m in Sources */ = {isa = PBXBuildFile; fileRef = 8D4447251E11146A00495865 /* NSObject+Notifications.m */; };
		8D7BDC761E89A3CE00EC9677 /* InspectorView.swift in Sources */ = {isa = PBXBuildFile; fileRef = 8D7BDC741E89A3BC00EC9677 /* InspectorView.swift */; };
		8DA860E91E526A0B00B03BA0 /* Protocols.swift in Sources */ = {isa = PBXBuildFile; fileRef = 8DA860E81E526A0B00B03BA0 /* Protocols.swift */; };
		8DB5D59B1E88304100D9459B /* InspectorRecord.swift in Sources */ = {isa = PBXBuildFile; fileRef = 8DB5D59A1E88304100D9459B /* InspectorRecord.swift */; };
		8DB5D59C1E88314900D9459B /* InspectorRecord.swift in Sources */ = {isa = PBXBuildFile; fileRef = 8DB5D59A1E88304100D9459B /* InspectorRecord.swift */; };
		8DB63B251E00539700E9FAE3 /* AppDelegate.swift in Sources */ = {isa = PBXBuildFile; fileRef = 8DB63B0F1E00537B00E9FAE3 /* AppDelegate.swift */; };
		8DB63B271E00539700E9FAE3 /* DeviceManager.swift in Sources */ = {isa = PBXBuildFile; fileRef = 8DB63B141E00537B00E9FAE3 /* DeviceManager.swift */; };
		8DB63B281E00539700E9FAE3 /* DeviceViewController.swift in Sources */ = {isa = PBXBuildFile; fileRef = 8DB63B151E00537B00E9FAE3 /* DeviceViewController.swift */; };
		8DB63B291E00539700E9FAE3 /* ViewController.swift in Sources */ = {isa = PBXBuildFile; fileRef = 8DB63B191E00537B00E9FAE3 /* ViewController.swift */; };
		8DB63B2A1E00539700E9FAE3 /* WindowController.swift in Sources */ = {isa = PBXBuildFile; fileRef = 8DB63B1A1E00537B00E9FAE3 /* WindowController.swift */; };
		8DB63B2B1E00539700E9FAE3 /* Assets.xcassets in Resources */ = {isa = PBXBuildFile; fileRef = 8DB63B101E00537B00E9FAE3 /* Assets.xcassets */; };
		8DB63B2C1E00539C00E9FAE3 /* Main.storyboard in Resources */ = {isa = PBXBuildFile; fileRef = 8DB63B111E00537B00E9FAE3 /* Main.storyboard */; };
		8DB63B3B1E0053F500E9FAE3 /* Device.swift in Sources */ = {isa = PBXBuildFile; fileRef = 8DB63B301E0053F500E9FAE3 /* Device.swift */; };
		8DB63B3D1E0053F500E9FAE3 /* File.swift in Sources */ = {isa = PBXBuildFile; fileRef = 8DB63B311E0053F500E9FAE3 /* File.swift */; };
		8DB63B3F1E0053F500E9FAE3 /* LogMessage.swift in Sources */ = {isa = PBXBuildFile; fileRef = 8DB63B321E0053F500E9FAE3 /* LogMessage.swift */; };
		8DB63B411E0053F500E9FAE3 /* NSObject+KVOBlock.m in Sources */ = {isa = PBXBuildFile; fileRef = 8DB63B341E0053F500E9FAE3 /* NSObject+KVOBlock.m */; };
		8DB63B431E0053F500E9FAE3 /* PeerSession.swift in Sources */ = {isa = PBXBuildFile; fileRef = 8DB63B351E0053F500E9FAE3 /* PeerSession.swift */; };
		8DB63B471E0053F500E9FAE3 /* Packet.swift in Sources */ = {isa = PBXBuildFile; fileRef = 8DB63B371E0053F500E9FAE3 /* Packet.swift */; };
		8DB63B601E00547D00E9FAE3 /* Aerial.swift in Sources */ = {isa = PBXBuildFile; fileRef = 8DB63ACF1E0051F200E9FAE3 /* Aerial.swift */; };
		8DB63B661E00549600E9FAE3 /* Device.swift in Sources */ = {isa = PBXBuildFile; fileRef = 8DB63B301E0053F500E9FAE3 /* Device.swift */; };
		8DB63B671E00549600E9FAE3 /* File.swift in Sources */ = {isa = PBXBuildFile; fileRef = 8DB63B311E0053F500E9FAE3 /* File.swift */; };
		8DB63B681E00549600E9FAE3 /* LogMessage.swift in Sources */ = {isa = PBXBuildFile; fileRef = 8DB63B321E0053F500E9FAE3 /* LogMessage.swift */; };
		8DB63B691E00549600E9FAE3 /* NSObject+KVOBlock.m in Sources */ = {isa = PBXBuildFile; fileRef = 8DB63B341E0053F500E9FAE3 /* NSObject+KVOBlock.m */; };
		8DB63B6A1E00549600E9FAE3 /* PeerSession.swift in Sources */ = {isa = PBXBuildFile; fileRef = 8DB63B351E0053F500E9FAE3 /* PeerSession.swift */; };
		8DB63B6C1E00549600E9FAE3 /* Packet.swift in Sources */ = {isa = PBXBuildFile; fileRef = 8DB63B371E0053F500E9FAE3 /* Packet.swift */; };
		8DCDE8BB1E8D9468003588DF /* ConnectionService.swift in Sources */ = {isa = PBXBuildFile; fileRef = 8DCDE8BA1E8D9468003588DF /* ConnectionService.swift */; };
		8DCDE8BD1E8D980A003588DF /* Notifications.swift in Sources */ = {isa = PBXBuildFile; fileRef = 8DCDE8BC1E8D980A003588DF /* Notifications.swift */; };
		8DCDE8BF1E8D9A60003588DF /* PeerSession+Delegate.swift in Sources */ = {isa = PBXBuildFile; fileRef = 8DCDE8BE1E8D9A60003588DF /* PeerSession+Delegate.swift */; };
		8DCDE8C11E8D9A9A003588DF /* PeerSession+Discovering.swift in Sources */ = {isa = PBXBuildFile; fileRef = 8DCDE8C01E8D9A9A003588DF /* PeerSession+Discovering.swift */; };
		8DCDE8C21E8D9ADC003588DF /* PeerSession+Discovering.swift in Sources */ = {isa = PBXBuildFile; fileRef = 8DCDE8C01E8D9A9A003588DF /* PeerSession+Discovering.swift */; };
		8DCDE8C31E8D9ADF003588DF /* PeerSession+Delegate.swift in Sources */ = {isa = PBXBuildFile; fileRef = 8DCDE8BE1E8D9A60003588DF /* PeerSession+Delegate.swift */; };
		8DCDE8C41E8DC140003588DF /* ConnectionService.swift in Sources */ = {isa = PBXBuildFile; fileRef = 8DCDE8BA1E8D9468003588DF /* ConnectionService.swift */; };
		8DCDE8C51E8DC149003588DF /* Notifications.swift in Sources */ = {isa = PBXBuildFile; fileRef = 8DCDE8BC1E8D980A003588DF /* Notifications.swift */; };
/* End PBXBuildFile section */

/* Begin PBXFileReference section */
		250672AD925CB4755AB761CA /* Pods-Aerial-Halfpipe.release.xcconfig */ = {isa = PBXFileReference; includeInIndex = 1; lastKnownFileType = text.xcconfig; name = "Pods-Aerial-Halfpipe.release.xcconfig"; path = "Pods/Target Support Files/Pods-Aerial-Halfpipe/Pods-Aerial-Halfpipe.release.xcconfig"; sourceTree = "<group>"; };
		659595212C59EA73D071B641 /* Pods-Aerial-AerialMac.debug.xcconfig */ = {isa = PBXFileReference; includeInIndex = 1; lastKnownFileType = text.xcconfig; name = "Pods-Aerial-AerialMac.debug.xcconfig"; path = "Pods/Target Support Files/Pods-Aerial-AerialMac/Pods-Aerial-AerialMac.debug.xcconfig"; sourceTree = "<group>"; };
		6B2B8A63D39584BFF8A138A8 /* Pods-Aerial-AerialMac.release.xcconfig */ = {isa = PBXFileReference; includeInIndex = 1; lastKnownFileType = text.xcconfig; name = "Pods-Aerial-AerialMac.release.xcconfig"; path = "Pods/Target Support Files/Pods-Aerial-AerialMac/Pods-Aerial-AerialMac.release.xcconfig"; sourceTree = "<group>"; };
		8D14DB631E6E25CD0076D8DB /* CorkDestination.swift */ = {isa = PBXFileReference; fileEncoding = 4; lastKnownFileType = sourcecode.swift; path = CorkDestination.swift; sourceTree = "<group>"; };
		8D14DB641E6E25CD0076D8DB /* DDAerialLogger.swift */ = {isa = PBXFileReference; fileEncoding = 4; lastKnownFileType = sourcecode.swift; path = DDAerialLogger.swift; sourceTree = "<group>"; };
		8D14DB681E6E25E40076D8DB /* AppDelegate.swift */ = {isa = PBXFileReference; fileEncoding = 4; lastKnownFileType = sourcecode.swift; path = AppDelegate.swift; sourceTree = "<group>"; };
		8D14DB691E6E25E40076D8DB /* Assets.xcassets */ = {isa = PBXFileReference; lastKnownFileType = folder.assetcatalog; path = Assets.xcassets; sourceTree = "<group>"; };
		8D14DB6B1E6E25E40076D8DB /* Base */ = {isa = PBXFileReference; lastKnownFileType = file.storyboard; name = Base; path = Base.lproj/LaunchScreen.storyboard; sourceTree = "<group>"; };
		8D14DB6D1E6E25E40076D8DB /* Base */ = {isa = PBXFileReference; lastKnownFileType = file.storyboard; name = Base; path = Base.lproj/Main.storyboard; sourceTree = "<group>"; };
		8D14DB6E1E6E25E40076D8DB /* CocoaLumberjack.swift */ = {isa = PBXFileReference; fileEncoding = 4; lastKnownFileType = sourcecode.swift; path = CocoaLumberjack.swift; sourceTree = "<group>"; };
		8D14DB6F1E6E25E40076D8DB /* Info.plist */ = {isa = PBXFileReference; fileEncoding = 4; lastKnownFileType = text.plist.xml; path = Info.plist; sourceTree = "<group>"; };
		8D14DB701E6E25E40076D8DB /* iOS-Bridging-Header.h */ = {isa = PBXFileReference; fileEncoding = 4; lastKnownFileType = sourcecode.c.h; path = "iOS-Bridging-Header.h"; sourceTree = "<group>"; };
		8D14DB711E6E25E40076D8DB /* ViewController.swift */ = {isa = PBXFileReference; fileEncoding = 4; lastKnownFileType = sourcecode.swift; path = ViewController.swift; sourceTree = "<group>"; };
		8D27EED91E8819D9002EA637 /* Logger.swift */ = {isa = PBXFileReference; fileEncoding = 4; lastKnownFileType = sourcecode.swift; path = Logger.swift; sourceTree = "<group>"; };
		8D30D9561E015007009C1049 /* Dictionary+KVO.swift */ = {isa = PBXFileReference; fileEncoding = 4; lastKnownFileType = sourcecode.swift; path = "Dictionary+KVO.swift"; sourceTree = "<group>"; };
		8D30D9591E0159E7009C1049 /* Container.swift */ = {isa = PBXFileReference; fileEncoding = 4; lastKnownFileType = sourcecode.swift; path = Container.swift; sourceTree = "<group>"; };
		8D44471A1E0D3ADA00495865 /* LogsPrefController.swift */ = {isa = PBXFileReference; fileEncoding = 4; lastKnownFileType = sourcecode.swift; path = LogsPrefController.swift; sourceTree = "<group>"; };
		8D44471D1E0D3E3B00495865 /* Preferences.storyboard */ = {isa = PBXFileReference; fileEncoding = 4; lastKnownFileType = file.storyboard; path = Preferences.storyboard; sourceTree = "<group>"; };
		8D4447241E11146A00495865 /* NSObject+Notifications.h */ = {isa = PBXFileReference; fileEncoding = 4; lastKnownFileType = sourcecode.c.h; path = "NSObject+Notifications.h"; sourceTree = "<group>"; };
		8D4447251E11146A00495865 /* NSObject+Notifications.m */ = {isa = PBXFileReference; fileEncoding = 4; lastKnownFileType = sourcecode.c.objc; path = "NSObject+Notifications.m"; sourceTree = "<group>"; };
		8D7BDC741E89A3BC00EC9677 /* InspectorView.swift */ = {isa = PBXFileReference; fileEncoding = 4; lastKnownFileType = sourcecode.swift; path = InspectorView.swift; sourceTree = "<group>"; };
		8DA860E81E526A0B00B03BA0 /* Protocols.swift */ = {isa = PBXFileReference; fileEncoding = 4; lastKnownFileType = sourcecode.swift; path = Protocols.swift; sourceTree = "<group>"; };
		8DB5D59A1E88304100D9459B /* InspectorRecord.swift */ = {isa = PBXFileReference; fileEncoding = 4; lastKnownFileType = sourcecode.swift; path = InspectorRecord.swift; sourceTree = "<group>"; };
		8DB63ACF1E0051F200E9FAE3 /* Aerial.swift */ = {isa = PBXFileReference; fileEncoding = 4; lastKnownFileType = sourcecode.swift; path = Aerial.swift; sourceTree = "<group>"; };
		8DB63AE81E00526800E9FAE3 /* Halfpipe.app */ = {isa = PBXFileReference; explicitFileType = wrapper.application; includeInIndex = 0; path = Halfpipe.app; sourceTree = BUILT_PRODUCTS_DIR; };
		8DB63B0F1E00537B00E9FAE3 /* AppDelegate.swift */ = {isa = PBXFileReference; fileEncoding = 4; lastKnownFileType = sourcecode.swift; path = AppDelegate.swift; sourceTree = "<group>"; };
		8DB63B101E00537B00E9FAE3 /* Assets.xcassets */ = {isa = PBXFileReference; lastKnownFileType = folder.assetcatalog; path = Assets.xcassets; sourceTree = "<group>"; };
		8DB63B121E00537B00E9FAE3 /* Base */ = {isa = PBXFileReference; lastKnownFileType = file.storyboard; name = Base; path = Base.lproj/Main.storyboard; sourceTree = "<group>"; };
		8DB63B141E00537B00E9FAE3 /* DeviceManager.swift */ = {isa = PBXFileReference; fileEncoding = 4; lastKnownFileType = sourcecode.swift; path = DeviceManager.swift; sourceTree = "<group>"; };
		8DB63B151E00537B00E9FAE3 /* DeviceViewController.swift */ = {isa = PBXFileReference; fileEncoding = 4; lastKnownFileType = sourcecode.swift; path = DeviceViewController.swift; sourceTree = "<group>"; };
		8DB63B161E00537B00E9FAE3 /* Info.plist */ = {isa = PBXFileReference; fileEncoding = 4; lastKnownFileType = text.plist.xml; path = Info.plist; sourceTree = "<group>"; };
		8DB63B171E00537B00E9FAE3 /* Mac-Bridging-Header.h */ = {isa = PBXFileReference; fileEncoding = 4; lastKnownFileType = sourcecode.c.h; path = "Mac-Bridging-Header.h"; sourceTree = "<group>"; };
		8DB63B191E00537B00E9FAE3 /* ViewController.swift */ = {isa = PBXFileReference; fileEncoding = 4; lastKnownFileType = sourcecode.swift; path = ViewController.swift; sourceTree = "<group>"; };
		8DB63B1A1E00537B00E9FAE3 /* WindowController.swift */ = {isa = PBXFileReference; fileEncoding = 4; lastKnownFileType = sourcecode.swift; path = WindowController.swift; sourceTree = "<group>"; };
		8DB63B301E0053F500E9FAE3 /* Device.swift */ = {isa = PBXFileReference; fileEncoding = 4; lastKnownFileType = sourcecode.swift; path = Device.swift; sourceTree = "<group>"; };
		8DB63B311E0053F500E9FAE3 /* File.swift */ = {isa = PBXFileReference; fileEncoding = 4; lastKnownFileType = sourcecode.swift; path = File.swift; sourceTree = "<group>"; };
		8DB63B321E0053F500E9FAE3 /* LogMessage.swift */ = {isa = PBXFileReference; fileEncoding = 4; lastKnownFileType = sourcecode.swift; path = LogMessage.swift; sourceTree = "<group>"; };
		8DB63B331E0053F500E9FAE3 /* NSObject+KVOBlock.h */ = {isa = PBXFileReference; fileEncoding = 4; lastKnownFileType = sourcecode.c.h; path = "NSObject+KVOBlock.h"; sourceTree = "<group>"; };
		8DB63B341E0053F500E9FAE3 /* NSObject+KVOBlock.m */ = {isa = PBXFileReference; fileEncoding = 4; lastKnownFileType = sourcecode.c.objc; path = "NSObject+KVOBlock.m"; sourceTree = "<group>"; };
		8DB63B351E0053F500E9FAE3 /* PeerSession.swift */ = {isa = PBXFileReference; fileEncoding = 4; lastKnownFileType = sourcecode.swift; path = PeerSession.swift; sourceTree = "<group>"; };
		8DB63B371E0053F500E9FAE3 /* Packet.swift */ = {isa = PBXFileReference; fileEncoding = 4; lastKnownFileType = sourcecode.swift; path = Packet.swift; sourceTree = "<group>"; };
		8DB63B4C1E00547000E9FAE3 /* AerialiOS.app */ = {isa = PBXFileReference; explicitFileType = wrapper.application; includeInIndex = 0; path = AerialiOS.app; sourceTree = BUILT_PRODUCTS_DIR; };
		8DCDE8BA1E8D9468003588DF /* ConnectionService.swift */ = {isa = PBXFileReference; fileEncoding = 4; lastKnownFileType = sourcecode.swift; path = ConnectionService.swift; sourceTree = "<group>"; };
		8DCDE8BC1E8D980A003588DF /* Notifications.swift */ = {isa = PBXFileReference; fileEncoding = 4; lastKnownFileType = sourcecode.swift; path = Notifications.swift; sourceTree = "<group>"; };
		8DCDE8BE1E8D9A60003588DF /* PeerSession+Delegate.swift */ = {isa = PBXFileReference; fileEncoding = 4; lastKnownFileType = sourcecode.swift; path = "PeerSession+Delegate.swift"; sourceTree = "<group>"; };
		8DCDE8C01E8D9A9A003588DF /* PeerSession+Discovering.swift */ = {isa = PBXFileReference; fileEncoding = 4; lastKnownFileType = sourcecode.swift; path = "PeerSession+Discovering.swift"; sourceTree = "<group>"; };
		A6C9B218C63F9150AE523B3B /* Pods_Aerial_Halfpipe.framework */ = {isa = PBXFileReference; explicitFileType = wrapper.framework; includeInIndex = 0; path = Pods_Aerial_Halfpipe.framework; sourceTree = BUILT_PRODUCTS_DIR; };
		D3646A06AE6BFABDCB90A8D9 /* Pods_Aerial_AerialiOS.framework */ = {isa = PBXFileReference; explicitFileType = wrapper.framework; includeInIndex = 0; path = Pods_Aerial_AerialiOS.framework; sourceTree = BUILT_PRODUCTS_DIR; };
		D854753955AE28E44C0C09B5 /* Pods-Aerial-AerialiOS.debug.xcconfig */ = {isa = PBXFileReference; includeInIndex = 1; lastKnownFileType = text.xcconfig; name = "Pods-Aerial-AerialiOS.debug.xcconfig"; path = "Pods/Target Support Files/Pods-Aerial-AerialiOS/Pods-Aerial-AerialiOS.debug.xcconfig"; sourceTree = "<group>"; };
		E68F5721D6F40559E358BC6C /* Pods-Aerial-AerialiOS.release.xcconfig */ = {isa = PBXFileReference; includeInIndex = 1; lastKnownFileType = text.xcconfig; name = "Pods-Aerial-AerialiOS.release.xcconfig"; path = "Pods/Target Support Files/Pods-Aerial-AerialiOS/Pods-Aerial-AerialiOS.release.xcconfig"; sourceTree = "<group>"; };
		F0F429841C493BC1CF6025A8 /* Pods-Aerial-Halfpipe.debug.xcconfig */ = {isa = PBXFileReference; includeInIndex = 1; lastKnownFileType = text.xcconfig; name = "Pods-Aerial-Halfpipe.debug.xcconfig"; path = "Pods/Target Support Files/Pods-Aerial-Halfpipe/Pods-Aerial-Halfpipe.debug.xcconfig"; sourceTree = "<group>"; };
		FA8E2EB67F60860D87AD316D /* Pods_Aerial_AerialMac.framework */ = {isa = PBXFileReference; explicitFileType = wrapper.framework; includeInIndex = 0; path = Pods_Aerial_AerialMac.framework; sourceTree = BUILT_PRODUCTS_DIR; };
/* End PBXFileReference section */

/* Begin PBXFrameworksBuildPhase section */
		8DB63AE51E00526800E9FAE3 /* Frameworks */ = {
			isa = PBXFrameworksBuildPhase;
			buildActionMask = 2147483647;
			files = (
				335B63AE4E135BB460098D4E /* Pods_Aerial_Halfpipe.framework in Frameworks */,
			);
			runOnlyForDeploymentPostprocessing = 0;
		};
		8DB63B491E00547000E9FAE3 /* Frameworks */ = {
			isa = PBXFrameworksBuildPhase;
			buildActionMask = 2147483647;
			files = (
				3805B8F0090D567818C29FDD /* Pods_Aerial_AerialiOS.framework in Frameworks */,
			);
			runOnlyForDeploymentPostprocessing = 0;
		};
/* End PBXFrameworksBuildPhase section */

/* Begin PBXGroup section */
		1BA3A9606D245587C52A74BA /* Frameworks */ = {
			isa = PBXGroup;
			children = (
				FA8E2EB67F60860D87AD316D /* Pods_Aerial_AerialMac.framework */,
				D3646A06AE6BFABDCB90A8D9 /* Pods_Aerial_AerialiOS.framework */,
				A6C9B218C63F9150AE523B3B /* Pods_Aerial_Halfpipe.framework */,
			);
			name = Frameworks;
			sourceTree = "<group>";
		};
		8D14DB621E6E25CD0076D8DB /* loggers */ = {
			isa = PBXGroup;
			children = (
				8D14DB631E6E25CD0076D8DB /* CorkDestination.swift */,
				8D14DB641E6E25CD0076D8DB /* DDAerialLogger.swift */,
			);
			path = loggers;
			sourceTree = "<group>";
		};
		8D14DB671E6E25E40076D8DB /* testapp */ = {
			isa = PBXGroup;
			children = (
				8D14DB711E6E25E40076D8DB /* ViewController.swift */,
				8D14DB681E6E25E40076D8DB /* AppDelegate.swift */,
				8D14DB6E1E6E25E40076D8DB /* CocoaLumberjack.swift */,
				8D14DB691E6E25E40076D8DB /* Assets.xcassets */,
				8D14DB6A1E6E25E40076D8DB /* LaunchScreen.storyboard */,
				8D14DB6C1E6E25E40076D8DB /* Main.storyboard */,
				8D14DB6F1E6E25E40076D8DB /* Info.plist */,
				8D14DB701E6E25E40076D8DB /* iOS-Bridging-Header.h */,
			);
			path = testapp;
			sourceTree = "<group>";
		};
		8DB63AA11E00513400E9FAE3 = {
			isa = PBXGroup;
			children = (
				8DB63B2E1E0053F500E9FAE3 /* shared */,
				8DB63ABF1E0051F200E9FAE3 /* ios */,
				8DB63B0E1E00537B00E9FAE3 /* macos */,
				8D14DB671E6E25E40076D8DB /* testapp */,
				8DB63AAB1E00513400E9FAE3 /* Products */,
				CFDE2CD79BE4D44B1A395CD7 /* Pods */,
				1BA3A9606D245587C52A74BA /* Frameworks */,
			);
			sourceTree = "<group>";
		};
		8DB63AAB1E00513400E9FAE3 /* Products */ = {
			isa = PBXGroup;
			children = (
				8DB63AE81E00526800E9FAE3 /* Halfpipe.app */,
				8DB63B4C1E00547000E9FAE3 /* AerialiOS.app */,
			);
			name = Products;
			sourceTree = "<group>";
		};
		8DB63ABF1E0051F200E9FAE3 /* ios */ = {
			isa = PBXGroup;
			children = (
				8DA860E81E526A0B00B03BA0 /* Protocols.swift */,
				8DB63ACF1E0051F200E9FAE3 /* Aerial.swift */,
				8D30D9591E0159E7009C1049 /* Container.swift */,
				8D14DB621E6E25CD0076D8DB /* loggers */,
			);
			path = ios;
			sourceTree = "<group>";
		};
		8DB63B0E1E00537B00E9FAE3 /* macos */ = {
			isa = PBXGroup;
			children = (
				8DB63B0F1E00537B00E9FAE3 /* AppDelegate.swift */,
				8DB63B141E00537B00E9FAE3 /* DeviceManager.swift */,
				8DB63B151E00537B00E9FAE3 /* DeviceViewController.swift */,
				8DB63B191E00537B00E9FAE3 /* ViewController.swift */,
				8DB63B1A1E00537B00E9FAE3 /* WindowController.swift */,
				8D44471A1E0D3ADA00495865 /* LogsPrefController.swift */,
				8D7BDC741E89A3BC00EC9677 /* InspectorView.swift */,
				8DB63B101E00537B00E9FAE3 /* Assets.xcassets */,
				8DB63B111E00537B00E9FAE3 /* Main.storyboard */,
				8D44471D1E0D3E3B00495865 /* Preferences.storyboard */,
				8DB63B171E00537B00E9FAE3 /* Mac-Bridging-Header.h */,
				8DB63B161E00537B00E9FAE3 /* Info.plist */,
			);
			path = macos;
			sourceTree = "<group>";
		};
		8DB63B2E1E0053F500E9FAE3 /* shared */ = {
			isa = PBXGroup;
			children = (
				8DB63B351E0053F500E9FAE3 /* PeerSession.swift */,
				8DCDE8BE1E8D9A60003588DF /* PeerSession+Delegate.swift */,
				8DCDE8C01E8D9A9A003588DF /* PeerSession+Discovering.swift */,
				8DB63B301E0053F500E9FAE3 /* Device.swift */,
				8DCDE8BA1E8D9468003588DF /* ConnectionService.swift */,
				8DB63B371E0053F500E9FAE3 /* Packet.swift */,
				8DB63B311E0053F500E9FAE3 /* File.swift */,
				8DB63B321E0053F500E9FAE3 /* LogMessage.swift */,
				8DB63B331E0053F500E9FAE3 /* NSObject+KVOBlock.h */,
				8DB63B341E0053F500E9FAE3 /* NSObject+KVOBlock.m */,
				8D4447241E11146A00495865 /* NSObject+Notifications.h */,
				8D4447251E11146A00495865 /* NSObject+Notifications.m */,
				8DCDE8BC1E8D980A003588DF /* Notifications.swift */,
				8D30D9561E015007009C1049 /* Dictionary+KVO.swift */,
				8D27EED91E8819D9002EA637 /* Logger.swift */,
				8DB5D59A1E88304100D9459B /* InspectorRecord.swift */,
			);
			path = shared;
			sourceTree = "<group>";
		};
		CFDE2CD79BE4D44B1A395CD7 /* Pods */ = {
			isa = PBXGroup;
			children = (
				659595212C59EA73D071B641 /* Pods-Aerial-AerialMac.debug.xcconfig */,
				6B2B8A63D39584BFF8A138A8 /* Pods-Aerial-AerialMac.release.xcconfig */,
				D854753955AE28E44C0C09B5 /* Pods-Aerial-AerialiOS.debug.xcconfig */,
				E68F5721D6F40559E358BC6C /* Pods-Aerial-AerialiOS.release.xcconfig */,
				F0F429841C493BC1CF6025A8 /* Pods-Aerial-Halfpipe.debug.xcconfig */,
				250672AD925CB4755AB761CA /* Pods-Aerial-Halfpipe.release.xcconfig */,
			);
			name = Pods;
			sourceTree = "<group>";
		};
/* End PBXGroup section */

/* Begin PBXNativeTarget section */
		8DB63AE71E00526800E9FAE3 /* Halfpipe */ = {
			isa = PBXNativeTarget;
			buildConfigurationList = 8DB63AF41E00526800E9FAE3 /* Build configuration list for PBXNativeTarget "Halfpipe" */;
			buildPhases = (
				7B958DBD7DC0ED8ECFA10352 /* [CP] Check Pods Manifest.lock */,
				8DB63AE41E00526800E9FAE3 /* Sources */,
				8DB63AE51E00526800E9FAE3 /* Frameworks */,
				8DB63AE61E00526800E9FAE3 /* Resources */,
				9558076DF5883924C7F6AFFB /* [CP] Embed Pods Frameworks */,
				21BA44814CFB4F9E8E3A3C42 /* [CP] Copy Pods Resources */,
			);
			buildRules = (
			);
			dependencies = (
			);
			name = Halfpipe;
			productName = AerialMac;
			productReference = 8DB63AE81E00526800E9FAE3 /* Halfpipe.app */;
			productType = "com.apple.product-type.application";
		};
		8DB63B4B1E00547000E9FAE3 /* AerialiOS */ = {
			isa = PBXNativeTarget;
			buildConfigurationList = 8DB63B5B1E00547000E9FAE3 /* Build configuration list for PBXNativeTarget "AerialiOS" */;
			buildPhases = (
				A8E35FCAB589CB53A7ED9B9A /* [CP] Check Pods Manifest.lock */,
				8DB63B481E00547000E9FAE3 /* Sources */,
				8DB63B491E00547000E9FAE3 /* Frameworks */,
				8DB63B4A1E00547000E9FAE3 /* Resources */,
				3C0FD791C7D8EDBA5CFC55F6 /* [CP] Embed Pods Frameworks */,
				092B7BB1DC688ADF5A3FA20F /* [CP] Copy Pods Resources */,
			);
			buildRules = (
			);
			dependencies = (
			);
			name = AerialiOS;
			productName = AerialiOS;
			productReference = 8DB63B4C1E00547000E9FAE3 /* AerialiOS.app */;
			productType = "com.apple.product-type.application";
		};
/* End PBXNativeTarget section */

/* Begin PBXProject section */
		8DB63AA21E00513400E9FAE3 /* Project object */ = {
			isa = PBXProject;
			attributes = {
				LastSwiftUpdateCheck = 0820;
				LastUpgradeCheck = 0820;
				ORGANIZATIONNAME = "Yaroslav Smirnov";
				TargetAttributes = {
					8DB63AE71E00526800E9FAE3 = {
						CreatedOnToolsVersion = 8.2;
						DevelopmentTeam = JX8G52MA6Q;
						ProvisioningStyle = Automatic;
					};
					8DB63B4B1E00547000E9FAE3 = {
						CreatedOnToolsVersion = 8.2;
						DevelopmentTeam = JX8G52MA6Q;
						ProvisioningStyle = Automatic;
					};
				};
			};
			buildConfigurationList = 8DB63AA51E00513400E9FAE3 /* Build configuration list for PBXProject "Aerial" */;
			compatibilityVersion = "Xcode 3.2";
			developmentRegion = English;
			hasScannedForEncodings = 0;
			knownRegions = (
				en,
				Base,
			);
			mainGroup = 8DB63AA11E00513400E9FAE3;
			productRefGroup = 8DB63AAB1E00513400E9FAE3 /* Products */;
			projectDirPath = "";
			projectRoot = "";
			targets = (
				8DB63B4B1E00547000E9FAE3 /* AerialiOS */,
				8DB63AE71E00526800E9FAE3 /* Halfpipe */,
			);
		};
/* End PBXProject section */

/* Begin PBXResourcesBuildPhase section */
		8DB63AE61E00526800E9FAE3 /* Resources */ = {
			isa = PBXResourcesBuildPhase;
			buildActionMask = 2147483647;
			files = (
				8D44471F1E0D3EF800495865 /* Preferences.storyboard in Resources */,
				8DB63B2B1E00539700E9FAE3 /* Assets.xcassets in Resources */,
				8DB63B2C1E00539C00E9FAE3 /* Main.storyboard in Resources */,
			);
			runOnlyForDeploymentPostprocessing = 0;
		};
		8DB63B4A1E00547000E9FAE3 /* Resources */ = {
			isa = PBXResourcesBuildPhase;
			buildActionMask = 2147483647;
			files = (
				8D14DB771E6E25E40076D8DB /* Info.plist in Resources */,
				8D14DB751E6E25E40076D8DB /* Main.storyboard in Resources */,
				8D14DB731E6E25E40076D8DB /* Assets.xcassets in Resources */,
				8D14DB741E6E25E40076D8DB /* LaunchScreen.storyboard in Resources */,
			);
			runOnlyForDeploymentPostprocessing = 0;
		};
/* End PBXResourcesBuildPhase section */

/* Begin PBXShellScriptBuildPhase section */
		092B7BB1DC688ADF5A3FA20F /* [CP] Copy Pods Resources */ = {
			isa = PBXShellScriptBuildPhase;
			buildActionMask = 2147483647;
			files = (
			);
			inputPaths = (
			);
			name = "[CP] Copy Pods Resources";
			outputPaths = (
			);
			runOnlyForDeploymentPostprocessing = 0;
			shellPath = /bin/sh;
			shellScript = "\"${SRCROOT}/Pods/Target Support Files/Pods-Aerial-AerialiOS/Pods-Aerial-AerialiOS-resources.sh\"\n";
			showEnvVarsInLog = 0;
		};
		21BA44814CFB4F9E8E3A3C42 /* [CP] Copy Pods Resources */ = {
			isa = PBXShellScriptBuildPhase;
			buildActionMask = 2147483647;
			files = (
			);
			inputPaths = (
			);
			name = "[CP] Copy Pods Resources";
			outputPaths = (
			);
			runOnlyForDeploymentPostprocessing = 0;
			shellPath = /bin/sh;
			shellScript = "\"${SRCROOT}/Pods/Target Support Files/Pods-Aerial-Halfpipe/Pods-Aerial-Halfpipe-resources.sh\"\n";
			showEnvVarsInLog = 0;
		};
		3C0FD791C7D8EDBA5CFC55F6 /* [CP] Embed Pods Frameworks */ = {
			isa = PBXShellScriptBuildPhase;
			buildActionMask = 2147483647;
			files = (
			);
			inputPaths = (
			);
			name = "[CP] Embed Pods Frameworks";
			outputPaths = (
			);
			runOnlyForDeploymentPostprocessing = 0;
			shellPath = /bin/sh;
			shellScript = "\"${SRCROOT}/Pods/Target Support Files/Pods-Aerial-AerialiOS/Pods-Aerial-AerialiOS-frameworks.sh\"\n";
			showEnvVarsInLog = 0;
		};
		7B958DBD7DC0ED8ECFA10352 /* [CP] Check Pods Manifest.lock */ = {
			isa = PBXShellScriptBuildPhase;
			buildActionMask = 2147483647;
			files = (
			);
			inputPaths = (
			);
			name = "[CP] Check Pods Manifest.lock";
			outputPaths = (
			);
			runOnlyForDeploymentPostprocessing = 0;
			shellPath = /bin/sh;
			shellScript = "diff \"${PODS_ROOT}/../Podfile.lock\" \"${PODS_ROOT}/Manifest.lock\" > /dev/null\nif [ $? != 0 ] ; then\n    # print error to STDERR\n    echo \"error: The sandbox is not in sync with the Podfile.lock. Run 'pod install' or update your CocoaPods installation.\" >&2\n    exit 1\nfi\n";
			showEnvVarsInLog = 0;
		};
		9558076DF5883924C7F6AFFB /* [CP] Embed Pods Frameworks */ = {
			isa = PBXShellScriptBuildPhase;
			buildActionMask = 2147483647;
			files = (
			);
			inputPaths = (
			);
			name = "[CP] Embed Pods Frameworks";
			outputPaths = (
			);
			runOnlyForDeploymentPostprocessing = 0;
			shellPath = /bin/sh;
			shellScript = "\"${SRCROOT}/Pods/Target Support Files/Pods-Aerial-Halfpipe/Pods-Aerial-Halfpipe-frameworks.sh\"\n";
			showEnvVarsInLog = 0;
		};
		A8E35FCAB589CB53A7ED9B9A /* [CP] Check Pods Manifest.lock */ = {
			isa = PBXShellScriptBuildPhase;
			buildActionMask = 2147483647;
			files = (
			);
			inputPaths = (
			);
			name = "[CP] Check Pods Manifest.lock";
			outputPaths = (
			);
			runOnlyForDeploymentPostprocessing = 0;
			shellPath = /bin/sh;
			shellScript = "diff \"${PODS_ROOT}/../Podfile.lock\" \"${PODS_ROOT}/Manifest.lock\" > /dev/null\nif [ $? != 0 ] ; then\n    # print error to STDERR\n    echo \"error: The sandbox is not in sync with the Podfile.lock. Run 'pod install' or update your CocoaPods installation.\" >&2\n    exit 1\nfi\n";
			showEnvVarsInLog = 0;
		};
/* End PBXShellScriptBuildPhase section */

/* Begin PBXSourcesBuildPhase section */
		8DB63AE41E00526800E9FAE3 /* Sources */ = {
			isa = PBXSourcesBuildPhase;
			buildActionMask = 2147483647;
			files = (
				8DB5D59C1E88314900D9459B /* InspectorRecord.swift in Sources */,
				8DB63B431E0053F500E9FAE3 /* PeerSession.swift in Sources */,
				8DB63B291E00539700E9FAE3 /* ViewController.swift in Sources */,
				8DB63B2A1E00539700E9FAE3 /* WindowController.swift in Sources */,
				8D4447271E11146A00495865 /* NSObject+Notifications.m in Sources */,
				8D44471C1E0D3C6600495865 /* LogsPrefController.swift in Sources */,
				8DB63B281E00539700E9FAE3 /* DeviceViewController.swift in Sources */,
				8DB63B251E00539700E9FAE3 /* AppDelegate.swift in Sources */,
				8D27EEDB1E881AE0002EA637 /* Logger.swift in Sources */,
				8DB63B271E00539700E9FAE3 /* DeviceManager.swift in Sources */,
				8D30D9581E015673009C1049 /* Dictionary+KVO.swift in Sources */,
				8DCDE8C41E8DC140003588DF /* ConnectionService.swift in Sources */,
				8D7BDC761E89A3CE00EC9677 /* InspectorView.swift in Sources */,
				8DB63B3D1E0053F500E9FAE3 /* File.swift in Sources */,
				8DB63B411E0053F500E9FAE3 /* NSObject+KVOBlock.m in Sources */,
				8DCDE8C51E8DC149003588DF /* Notifications.swift in Sources */,
				8DCDE8C31E8D9ADF003588DF /* PeerSession+Delegate.swift in Sources */,
				8DB63B471E0053F500E9FAE3 /* Packet.swift in Sources */,
				8DB63B3F1E0053F500E9FAE3 /* LogMessage.swift in Sources */,
				8DCDE8C21E8D9ADC003588DF /* PeerSession+Discovering.swift in Sources */,
				8DB63B3B1E0053F500E9FAE3 /* Device.swift in Sources */,
			);
			runOnlyForDeploymentPostprocessing = 0;
		};
		8DB63B481E00547000E9FAE3 /* Sources */ = {
			isa = PBXSourcesBuildPhase;
			buildActionMask = 2147483647;
			files = (
				8DB5D59B1E88304100D9459B /* InspectorRecord.swift in Sources */,
				8DB63B6A1E00549600E9FAE3 /* PeerSession.swift in Sources */,
				8D4447261E11146A00495865 /* NSObject+Notifications.m in Sources */,
				8D30D9571E015007009C1049 /* Dictionary+KVO.swift in Sources */,
				8D14DB721E6E25E40076D8DB /* AppDelegate.swift in Sources */,
				8DCDE8BB1E8D9468003588DF /* ConnectionService.swift in Sources */,
				8DB63B601E00547D00E9FAE3 /* Aerial.swift in Sources */,
				8DB63B671E00549600E9FAE3 /* File.swift in Sources */,
				8DB63B691E00549600E9FAE3 /* NSObject+KVOBlock.m in Sources */,
				8D27EEDA1E8819D9002EA637 /* Logger.swift in Sources */,
				8D14DB781E6E25E40076D8DB /* ViewController.swift in Sources */,
				8DB63B6C1E00549600E9FAE3 /* Packet.swift in Sources */,
				8DCDE8C11E8D9A9A003588DF /* PeerSession+Discovering.swift in Sources */,
				8DCDE8BD1E8D980A003588DF /* Notifications.swift in Sources */,
				8D14DB651E6E25CD0076D8DB /* CorkDestination.swift in Sources */,
				8D30D95A1E0159E7009C1049 /* Container.swift in Sources */,
				8DB63B681E00549600E9FAE3 /* LogMessage.swift in Sources */,
				8DB63B661E00549600E9FAE3 /* Device.swift in Sources */,
				8DCDE8BF1E8D9A60003588DF /* PeerSession+Delegate.swift in Sources */,
				8DA860E91E526A0B00B03BA0 /* Protocols.swift in Sources */,
			);
			runOnlyForDeploymentPostprocessing = 0;
		};
/* End PBXSourcesBuildPhase section */

/* Begin PBXVariantGroup section */
		8D14DB6A1E6E25E40076D8DB /* LaunchScreen.storyboard */ = {
			isa = PBXVariantGroup;
			children = (
				8D14DB6B1E6E25E40076D8DB /* Base */,
			);
			name = LaunchScreen.storyboard;
			sourceTree = "<group>";
		};
		8D14DB6C1E6E25E40076D8DB /* Main.storyboard */ = {
			isa = PBXVariantGroup;
			children = (
				8D14DB6D1E6E25E40076D8DB /* Base */,
			);
			name = Main.storyboard;
			sourceTree = "<group>";
		};
		8DB63B111E00537B00E9FAE3 /* Main.storyboard */ = {
			isa = PBXVariantGroup;
			children = (
				8DB63B121E00537B00E9FAE3 /* Base */,
			);
			name = Main.storyboard;
			sourceTree = "<group>";
		};
/* End PBXVariantGroup section */

/* Begin XCBuildConfiguration section */
		8DB63ABA1E00513400E9FAE3 /* Debug */ = {
			isa = XCBuildConfiguration;
			buildSettings = {
				ALWAYS_SEARCH_USER_PATHS = NO;
				CLANG_ANALYZER_NONNULL = YES;
				CLANG_CXX_LANGUAGE_STANDARD = "gnu++0x";
				CLANG_CXX_LIBRARY = "libc++";
				CLANG_ENABLE_MODULES = YES;
				CLANG_ENABLE_OBJC_ARC = YES;
				CLANG_WARN_BOOL_CONVERSION = YES;
				CLANG_WARN_CONSTANT_CONVERSION = YES;
				CLANG_WARN_DIRECT_OBJC_ISA_USAGE = YES_ERROR;
				CLANG_WARN_DOCUMENTATION_COMMENTS = YES;
				CLANG_WARN_EMPTY_BODY = YES;
				CLANG_WARN_ENUM_CONVERSION = YES;
				CLANG_WARN_INFINITE_RECURSION = YES;
				CLANG_WARN_INT_CONVERSION = YES;
				CLANG_WARN_OBJC_ROOT_CLASS = YES_ERROR;
				CLANG_WARN_SUSPICIOUS_MOVE = YES;
				CLANG_WARN_UNREACHABLE_CODE = YES;
				CLANG_WARN__DUPLICATE_METHOD_MATCH = YES;
				"CODE_SIGN_IDENTITY[sdk=iphoneos*]" = "iPhone Developer";
				COPY_PHASE_STRIP = NO;
				DEBUG_INFORMATION_FORMAT = dwarf;
				ENABLE_STRICT_OBJC_MSGSEND = YES;
				ENABLE_TESTABILITY = YES;
				GCC_C_LANGUAGE_STANDARD = gnu99;
				GCC_DYNAMIC_NO_PIC = NO;
				GCC_NO_COMMON_BLOCKS = YES;
				GCC_OPTIMIZATION_LEVEL = 0;
				GCC_PREPROCESSOR_DEFINITIONS = (
					"DEBUG=1",
					"$(inherited)",
				);
				GCC_WARN_64_TO_32_BIT_CONVERSION = YES;
				GCC_WARN_ABOUT_RETURN_TYPE = YES_ERROR;
				GCC_WARN_UNDECLARED_SELECTOR = YES;
				GCC_WARN_UNINITIALIZED_AUTOS = YES_AGGRESSIVE;
				GCC_WARN_UNUSED_FUNCTION = YES;
				GCC_WARN_UNUSED_VARIABLE = YES;
				IPHONEOS_DEPLOYMENT_TARGET = 10.2;
				MTL_ENABLE_DEBUG_INFO = YES;
				ONLY_ACTIVE_ARCH = YES;
				SWIFT_ACTIVE_COMPILATION_CONDITIONS = DEBUG;
				SWIFT_OPTIMIZATION_LEVEL = "-Onone";
				TARGETED_DEVICE_FAMILY = "1,2";
			};
			name = Debug;
		};
		8DB63ABB1E00513400E9FAE3 /* Release */ = {
			isa = XCBuildConfiguration;
			buildSettings = {
				ALWAYS_SEARCH_USER_PATHS = NO;
				CLANG_ANALYZER_NONNULL = YES;
				CLANG_CXX_LANGUAGE_STANDARD = "gnu++0x";
				CLANG_CXX_LIBRARY = "libc++";
				CLANG_ENABLE_MODULES = YES;
				CLANG_ENABLE_OBJC_ARC = YES;
				CLANG_WARN_BOOL_CONVERSION = YES;
				CLANG_WARN_CONSTANT_CONVERSION = YES;
				CLANG_WARN_DIRECT_OBJC_ISA_USAGE = YES_ERROR;
				CLANG_WARN_DOCUMENTATION_COMMENTS = YES;
				CLANG_WARN_EMPTY_BODY = YES;
				CLANG_WARN_ENUM_CONVERSION = YES;
				CLANG_WARN_INFINITE_RECURSION = YES;
				CLANG_WARN_INT_CONVERSION = YES;
				CLANG_WARN_OBJC_ROOT_CLASS = YES_ERROR;
				CLANG_WARN_SUSPICIOUS_MOVE = YES;
				CLANG_WARN_UNREACHABLE_CODE = YES;
				CLANG_WARN__DUPLICATE_METHOD_MATCH = YES;
				"CODE_SIGN_IDENTITY[sdk=iphoneos*]" = "iPhone Developer";
				COPY_PHASE_STRIP = NO;
				DEBUG_INFORMATION_FORMAT = "dwarf-with-dsym";
				ENABLE_NS_ASSERTIONS = NO;
				ENABLE_STRICT_OBJC_MSGSEND = YES;
				GCC_C_LANGUAGE_STANDARD = gnu99;
				GCC_NO_COMMON_BLOCKS = YES;
				GCC_WARN_64_TO_32_BIT_CONVERSION = YES;
				GCC_WARN_ABOUT_RETURN_TYPE = YES_ERROR;
				GCC_WARN_UNDECLARED_SELECTOR = YES;
				GCC_WARN_UNINITIALIZED_AUTOS = YES_AGGRESSIVE;
				GCC_WARN_UNUSED_FUNCTION = YES;
				GCC_WARN_UNUSED_VARIABLE = YES;
				IPHONEOS_DEPLOYMENT_TARGET = 10.2;
				MTL_ENABLE_DEBUG_INFO = NO;
				SWIFT_OPTIMIZATION_LEVEL = "-Owholemodule";
				TARGETED_DEVICE_FAMILY = "1,2";
				VALIDATE_PRODUCT = YES;
			};
			name = Release;
		};
		8DB63AF51E00526800E9FAE3 /* Debug */ = {
			isa = XCBuildConfiguration;
			baseConfigurationReference = F0F429841C493BC1CF6025A8 /* Pods-Aerial-Halfpipe.debug.xcconfig */;
			buildSettings = {
				ASSETCATALOG_COMPILER_APPICON_NAME = AppIcon;
				CODE_SIGN_IDENTITY = "-";
				COMBINE_HIDPI_IMAGES = YES;
				DEVELOPMENT_TEAM = JX8G52MA6Q;
				INFOPLIST_FILE = "$(SRCROOT)/macos/Info.plist";
				LD_RUNPATH_SEARCH_PATHS = "$(inherited) @executable_path/../Frameworks";
				PRODUCT_BUNDLE_IDENTIFIER = yariksmirnov.Halfpipe;
				PRODUCT_NAME = Halfpipe;
				SDKROOT = macosx;
				SWIFT_OBJC_BRIDGING_HEADER = "macos/Mac-Bridging-Header.h";
				SWIFT_VERSION = 3.0;
			};
			name = Debug;
		};
		8DB63AF61E00526800E9FAE3 /* Release */ = {
			isa = XCBuildConfiguration;
			baseConfigurationReference = 250672AD925CB4755AB761CA /* Pods-Aerial-Halfpipe.release.xcconfig */;
			buildSettings = {
				ASSETCATALOG_COMPILER_APPICON_NAME = AppIcon;
				CODE_SIGN_IDENTITY = "-";
				COMBINE_HIDPI_IMAGES = YES;
				DEVELOPMENT_TEAM = JX8G52MA6Q;
				INFOPLIST_FILE = "$(SRCROOT)/macos/Info.plist";
				LD_RUNPATH_SEARCH_PATHS = "$(inherited) @executable_path/../Frameworks";
				PRODUCT_BUNDLE_IDENTIFIER = yariksmirnov.Halfpipe;
				PRODUCT_NAME = Halfpipe;
				SDKROOT = macosx;
				SWIFT_OBJC_BRIDGING_HEADER = "macos/Mac-Bridging-Header.h";
				SWIFT_VERSION = 3.0;
			};
			name = Release;
		};
		8DB63B5C1E00547000E9FAE3 /* Debug */ = {
			isa = XCBuildConfiguration;
			baseConfigurationReference = D854753955AE28E44C0C09B5 /* Pods-Aerial-AerialiOS.debug.xcconfig */;
			buildSettings = {
				ASSETCATALOG_COMPILER_APPICON_NAME = AppIcon;
				DEVELOPMENT_TEAM = JX8G52MA6Q;
				INFOPLIST_FILE = "$(SRCROOT)/testapp/Info.plist";
				IPHONEOS_DEPLOYMENT_TARGET = 10.0;
				LD_RUNPATH_SEARCH_PATHS = "$(inherited) @executable_path/Frameworks";
				PRODUCT_BUNDLE_IDENTIFIER = yariksmirnov.AerialiOS;
				PRODUCT_NAME = "$(TARGET_NAME)";
				SDKROOT = iphoneos;
				SWIFT_OBJC_BRIDGING_HEADER = "testapp/iOS-Bridging-Header.h";
				SWIFT_VERSION = 3.0;
			};
			name = Debug;
		};
		8DB63B5D1E00547000E9FAE3 /* Release */ = {
			isa = XCBuildConfiguration;
			baseConfigurationReference = E68F5721D6F40559E358BC6C /* Pods-Aerial-AerialiOS.release.xcconfig */;
			buildSettings = {
				ASSETCATALOG_COMPILER_APPICON_NAME = AppIcon;
				DEVELOPMENT_TEAM = JX8G52MA6Q;
				INFOPLIST_FILE = "$(SRCROOT)/testapp/Info.plist";
				IPHONEOS_DEPLOYMENT_TARGET = 10.0;
				LD_RUNPATH_SEARCH_PATHS = "$(inherited) @executable_path/Frameworks";
				PRODUCT_BUNDLE_IDENTIFIER = yariksmirnov.AerialiOS;
				PRODUCT_NAME = "$(TARGET_NAME)";
				SDKROOT = iphoneos;
				SWIFT_OBJC_BRIDGING_HEADER = "testapp/iOS-Bridging-Header.h";
				SWIFT_VERSION = 3.0;
			};
			name = Release;
		};
/* End XCBuildConfiguration section */

/* Begin XCConfigurationList section */
		8DB63AA51E00513400E9FAE3 /* Build configuration list for PBXProject "Aerial" */ = {
			isa = XCConfigurationList;
			buildConfigurations = (
				8DB63ABA1E00513400E9FAE3 /* Debug */,
				8DB63ABB1E00513400E9FAE3 /* Release */,
			);
			defaultConfigurationIsVisible = 0;
			defaultConfigurationName = Release;
		};
		8DB63AF41E00526800E9FAE3 /* Build configuration list for PBXNativeTarget "Halfpipe" */ = {
			isa = XCConfigurationList;
			buildConfigurations = (
				8DB63AF51E00526800E9FAE3 /* Debug */,
				8DB63AF61E00526800E9FAE3 /* Release */,
			);
			defaultConfigurationIsVisible = 0;
			defaultConfigurationName = Release;
		};
		8DB63B5B1E00547000E9FAE3 /* Build configuration list for PBXNativeTarget "AerialiOS" */ = {
			isa = XCConfigurationList;
			buildConfigurations = (
				8DB63B5C1E00547000E9FAE3 /* Debug */,
				8DB63B5D1E00547000E9FAE3 /* Release */,
			);
			defaultConfigurationIsVisible = 0;
			defaultConfigurationName = Release;
		};
/* End XCConfigurationList section */
	};
	rootObject = 8DB63AA21E00513400E9FAE3 /* Project object */;
}
